
Microsoft Visual Studio Solution File, Format Version 12.00
# Visual Studio Version 17
VisualStudioVersion = 17.10.35027.167
MinimumVisualStudioVersion = 10.0.40219.1
Project("{9A19103F-16F7-4668-BE54-9A1E7A4F7556}") = "SyntraAB.2024.cli", "SyntraAB.2024.cli\SyntraAB.2024.cli.csproj", "{C3ED0556-480C-4062-90B5-09077E210636}"
EndProject
Project("{2150E333-8FDC-42A3-9474-1A3956D46DE8}") = "LINQ", "LINQ", "{57C0DA4B-40AE-40D7-8CA9-062E02CE66A0}"
EndProject
Project("{2150E333-8FDC-42A3-9474-1A3956D46DE8}") = "!Documents", "!Documents", "{13DBC8FA-7ED2-4676-A171-81B2B72DA61F}"
EndProject
Project("{9A19103F-16F7-4668-BE54-9A1E7A4F7556}") = "DLinkedList", "DLinkedList\DLinkedList.csproj", "{8C7C44C6-89F4-4F86-8FB3-37BD35E76377}"
EndProject
Project("{9A19103F-16F7-4668-BE54-9A1E7A4F7556}") = "LambdaTest", "LambdaTest\LambdaTest.csproj", "{CD18718A-5EFB-4E4D-9E97-3244C31D4E5D}"
EndProject
Project("{9A19103F-16F7-4668-BE54-9A1E7A4F7556}") = "LinqExamples", "LinqExamples\LinqExamples.csproj", "{9F1C9CA3-4162-4334-A9E3-A15C2EA74A69}"
EndProject
Project("{2150E333-8FDC-42A3-9474-1A3956D46DE8}") = "!Topics", "!Topics", "{D8518CCA-65A8-44B2-9978-36B4360FB36B}"
	ProjectSection(SolutionItems) = preProject
		!Documents\CSharp-Concurrency.pptx = !Documents\CSharp-Concurrency.pptx
		!Documents\CSharp-IO-EF.pptx = !Documents\CSharp-IO-EF.pptx
		!Documents\CSharp-IO-Files.pptx = !Documents\CSharp-IO-Files.pptx
		!Documents\CSharp-LINQ.pptx = !Documents\CSharp-LINQ.pptx
		!Documents\CSharp-Patterns.pptx = !Documents\CSharp-Patterns.pptx
		!Documents\CSharp-Reflection.pptx = !Documents\CSharp-Reflection.pptx
		!Documents\CSharp-RegEx.pptx = !Documents\CSharp-RegEx.pptx
		!Documents\CSharp-security.pptx = !Documents\CSharp-security.pptx
		!Documents\CSharp-testing.pptx = !Documents\CSharp-testing.pptx
		!Documents\CSharp-Web.pptx = !Documents\CSharp-Web.pptx
	EndProjectSection
EndProject
Project("{2150E333-8FDC-42A3-9474-1A3956D46DE8}") = "Data", "Data", "{E9BC9BC0-CF65-441E-8B94-7498FC570E42}"
	ProjectSection(SolutionItems) = preProject
		!Documents\Data\airports.json = !Documents\Data\airports.json
	EndProjectSection
EndProject
Project("{2150E333-8FDC-42A3-9474-1A3956D46DE8}") = "AirportLabo", "AirportLabo", "{4AAD7465-A215-4256-8B94-9547EC1B22A5}"
EndProject
Project("{9A19103F-16F7-4668-BE54-9A1E7A4F7556}") = "Airport.Cli", "Airport.Cli\Airport.Cli.csproj", "{FEAA6667-62F5-4A95-85CD-CA5230E0EB82}"
EndProject
Project("{9A19103F-16F7-4668-BE54-9A1E7A4F7556}") = "Airport.Data", "Airport.Data\Airport.Data.csproj", "{37D640A8-651B-495E-A811-044A765E405F}"
EndProject
Project("{2150E333-8FDC-42A3-9474-1A3956D46DE8}") = "Threading", "Threading", "{E3DBA12B-5E88-4D9E-A423-D1B61EAD96EB}"
EndProject
Project("{9A19103F-16F7-4668-BE54-9A1E7A4F7556}") = "ConcurrencyDemo", "ConcurrencyDemo\ConcurrencyDemo.csproj", "{5E696258-2D36-42FE-94C5-507CB505DDED}"
EndProject
Project("{9A19103F-16F7-4668-BE54-9A1E7A4F7556}") = "Airport.Web", "Airport.Web\Airport.Web.csproj", "{38AC098D-1944-4B84-9556-5ACF25E0DC44}"
EndProject
Project("{2150E333-8FDC-42A3-9474-1A3956D46DE8}") = "IO", "IO", "{5BAD4FBD-3FD1-4036-A5F1-53D2C12BF931}"
EndProject
Project("{9A19103F-16F7-4668-BE54-9A1E7A4F7556}") = "IO.Demo", "IO.Demo\IO.Demo.csproj", "{C5142373-D4E6-4496-A022-5B4CFC89FB6A}"
EndProject
Project("{2150E333-8FDC-42A3-9474-1A3956D46DE8}") = "EF", "EF", "{AC5AF807-D73A-4062-A948-636125F4F466}"
EndProject
Project("{9A19103F-16F7-4668-BE54-9A1E7A4F7556}") = "Syntra.EF.Web", "Syntra.EF.Web\Syntra.EF.Web.csproj", "{1EEBED59-E1A6-4475-AF80-646F6E46F99E}"
EndProject
Project("{9A19103F-16F7-4668-BE54-9A1E7A4F7556}") = "Syntra.EF.Data", "Syntra.EF.Data\Syntra.EF.Data.csproj", "{B96E538C-A2F7-41F4-869D-3C7E0D75FA86}"
EndProject
Project("{9A19103F-16F7-4668-BE54-9A1E7A4F7556}") = "Syntra.EF.Domain", "Syntra.EF.Domain\Syntra.EF.Domain.csproj", "{A9DD38E9-672E-4817-8D02-B7E8DA4DC34F}"
EndProject
Project("{9A19103F-16F7-4668-BE54-9A1E7A4F7556}") = "Syntra.EF.Cli", "Syntra.EF.Cli\Syntra.EF.Cli.csproj", "{B85514B9-4414-449B-9699-B2FE50F281E1}"
EndProject
Project("{2150E333-8FDC-42A3-9474-1A3956D46DE8}") = "CodeFirst", "CodeFirst", "{CA8E10EA-3509-4FAE-948F-1EE8118324C2}"
EndProject
Project("{2150E333-8FDC-42A3-9474-1A3956D46DE8}") = "DbFirst", "DbFirst", "{E5882F2D-A3DC-46BF-BCD1-9EBDB6FFD2E7}"
EndProject
Project("{9A19103F-16F7-4668-BE54-9A1E7A4F7556}") = "DrainAir.Cli", "DrainAir.Cli\DrainAir.Cli.csproj", "{ABA86AE3-4F0D-465A-BDF3-1D1C72FBE898}"
EndProject
Project("{9A19103F-16F7-4668-BE54-9A1E7A4F7556}") = "DrainAir.Domain", "DrainAir.Domain\DrainAir.Domain.csproj", "{733D59B3-D779-4C45-AB95-4F65C3265DEB}"
EndProject
Project("{2150E333-8FDC-42A3-9474-1A3956D46DE8}") = "Repository", "Repository", "{56637642-C96F-4AE5-A08A-26AA6D9FF098}"
EndProject
Project("{9A19103F-16F7-4668-BE54-9A1E7A4F7556}") = "Syntra.Frituurtje.Web", "Syntra.Frituurtje.Web\Syntra.Frituurtje.Web.csproj", "{A652EF84-91B9-4E51-A3D0-90EEF383A08B}"
EndProject
Project("{9A19103F-16F7-4668-BE54-9A1E7A4F7556}") = "Syntra.Frituurtje.Contracts", "Syntra.Frituurtje.Contracts\Syntra.Frituurtje.Contracts.csproj", "{A4AA12D7-D2BE-4F37-9364-ABD128F797E3}"
EndProject
Project("{9A19103F-16F7-4668-BE54-9A1E7A4F7556}") = "Syntra.Frituurtje.Database", "Syntra.Frituurtje.Database\Syntra.Frituurtje.Database.csproj", "{093228B0-8347-40F2-8283-03313C0DB5E9}"
EndProject
Project("{2150E333-8FDC-42A3-9474-1A3956D46DE8}") = "Opgave", "Opgave", "{EE529CA6-E9C8-42EC-8CB3-A299E7532A06}"
	ProjectSection(SolutionItems) = preProject
		!Documents\Opgave\Opgave examen advanced csharp.docx = !Documents\Opgave\Opgave examen advanced csharp.docx
		!Documents\Opgave\postcodes.csv = !Documents\Opgave\postcodes.csv
	EndProjectSection
EndProject
Project("{9A19103F-16F7-4668-BE54-9A1E7A4F7556}") = "Syntra.Frituurtje.UnitTests", "Syntra.Frituurtje.UnitTests\Syntra.Frituurtje.UnitTests.csproj", "{3AF86048-EB16-4568-A5FA-2CB16D695961}"
EndProject
Project("{9A19103F-16F7-4668-BE54-9A1E7A4F7556}") = "Syntra.Frituurtje.Helpers", "Syntra.Frituurtje.Helpers\Syntra.Frituurtje.Helpers.csproj", "{B596E75F-03DE-4C59-873C-61A55AE88EB2}"
EndProject
Project("{9A19103F-16F7-4668-BE54-9A1E7A4F7556}") = "Syntra.Frituurtje.E2E", "Syntra.Frituurtje.E2E\Syntra.Frituurtje.E2E.csproj", "{AA2B2DDC-A172-4240-A081-C291B31363DF}"
EndProject
Project("{2150E333-8FDC-42A3-9474-1A3956D46DE8}") = "Patterns", "Patterns", "{6CC2D403-6ED3-4896-83F6-37FCB0425343}"
EndProject
Project("{9A19103F-16F7-4668-BE54-9A1E7A4F7556}") = "Syntra.Patterns", "Syntra.Patterns\Syntra.Patterns.csproj", "{6F2CFF15-E4E0-48A3-A816-02D70E8BD673}"
EndProject
Project("{2150E333-8FDC-42A3-9474-1A3956D46DE8}") = "WEB", "WEB", "{A830C2C4-2D99-4510-944A-2372E8C149A9}"
EndProject
Project("{9A19103F-16F7-4668-BE54-9A1E7A4F7556}") = "Syntra.Frituurtje.API", "Syntra.Frituurtje.API\Syntra.Frituurtje.API.csproj", "{0BA6ADB2-BCB2-4949-9F5C-698F8186394D}"
EndProject
Project("{9A19103F-16F7-4668-BE54-9A1E7A4F7556}") = "Syntra.Frituurtje.Wasm", "Syntra.Frituurtje.Wasm\Syntra.Frituurtje.Wasm\Syntra.Frituurtje.Wasm.csproj", "{5FE0A576-EE0A-4776-B837-6472B0C63B09}"
EndProject
Project("{9A19103F-16F7-4668-BE54-9A1E7A4F7556}") = "Syntra.Frituurtje.Wasm.Client", "Syntra.Frituurtje.Wasm\Syntra.Frituurtje.Wasm.Client\Syntra.Frituurtje.Wasm.Client.csproj", "{E4DFF51B-57EA-455E-B12C-1FD735D54747}"
EndProject
Project("{9A19103F-16F7-4668-BE54-9A1E7A4F7556}") = "Syntra.Frituurtje.Wasm.Shared", "Syntra.Frituurtje.Wasm.Shared\Syntra.Frituurtje.Wasm.Shared.csproj", "{5FE1ADD6-C1A5-4581-922D-8470DD5DCFD9}"
EndProject
Project("{FAE04EC0-301F-11D3-BF4B-00C04F79EFBC}") = "Syntra.Frituurtje.Db", "Syntra.Frituurtje.Db\Syntra.Frituurtje.Db.csproj", "{08EADEBB-8ACF-4C5A-BE6F-8C6583AB23EC}"
EndProject
Project("{2150E333-8FDC-42A3-9474-1A3956D46DE8}") = "Security", "Security", "{8462AF75-ABE2-4D9C-BE65-09C2A793954B}"
EndProject
Project("{2150E333-8FDC-42A3-9474-1A3956D46DE8}") = "Integrated", "Integrated", "{6792BFFE-3B3B-4F05-B886-50C741DB6E83}"
EndProject
Project("{FAE04EC0-301F-11D3-BF4B-00C04F79EFBC}") = "Syntra.Fietshersteller.Site", "Syntra.Fietshersteller.Site\Syntra.Fietshersteller.Site.csproj", "{95DCF78A-D4BC-4D37-9627-E7138D045B60}"
EndProject
Project("{FAE04EC0-301F-11D3-BF4B-00C04F79EFBC}") = "Syntra.Fietshersteller.Db", "Syntra.Fietshersteller.Db\Syntra.Fietshersteller.Db.csproj", "{053158F1-12DD-470C-A6A1-2BC5B547BA7A}"
EndProject
Project("{2150E333-8FDC-42A3-9474-1A3956D46DE8}") = "Encryption", "Encryption", "{02EA681E-C7D8-13C7-8484-4AC65E1B71E8}"
EndProject
Project("{FAE04EC0-301F-11D3-BF4B-00C04F79EFBC}") = "Syntra.Security.Cli", "Syntra.Security.Cli\Syntra.Security.Cli.csproj", "{3F2E8BFF-0374-4119-8B18-D3431C729B02}"
EndProject
Project("{FAE04EC0-301F-11D3-BF4B-00C04F79EFBC}") = "Syntra.Security.Encrypt", "Syntra.Security.Encrypt\Syntra.Security.Encrypt.csproj", "{93D5FDF1-7A19-44A9-B4EB-43A216F7F833}"
EndProject
Project("{2150E333-8FDC-42A3-9474-1A3956D46DE8}") = "Auth0", "Auth0", "{F2C96C33-736E-4F6F-9FA7-17828A1E9709}"
EndProject
Project("{FAE04EC0-301F-11D3-BF4B-00C04F79EFBC}") = "Syntra.Auth0.Demo", "Syntra.Auth0.Demo\Syntra.Auth0.Demo\Syntra.Auth0.Demo.csproj", "{95831262-1C00-40C1-A55F-59573C77AA87}"
EndProject
Project("{FAE04EC0-301F-11D3-BF4B-00C04F79EFBC}") = "Syntra.Auth0.Demo.Client", "Syntra.Auth0.Demo\Syntra.Auth0.Demo.Client\Syntra.Auth0.Demo.Client.csproj", "{769C5B9B-E961-45F6-A849-3B191631366E}"
EndProject
Project("{2150E333-8FDC-42A3-9474-1A3956D46DE8}") = "Reflection", "Reflection", "{A798A15B-14BD-4886-8861-ABA3A5DE1499}"
EndProject
Project("{FAE04EC0-301F-11D3-BF4B-00C04F79EFBC}") = "Plugin.Cli", "Plugin.Cli\Plugin.Cli.csproj", "{9244CDFD-CD8D-406B-A197-0D8F29F532DF}"
EndProject
Project("{FAE04EC0-301F-11D3-BF4B-00C04F79EFBC}") = "Syntra.Cli.Ext", "Syntra.Cli.Ext\Syntra.Cli.Ext.csproj", "{834261C5-C770-B7A3-F943-3C1977AF0537}"
EndProject
Project("{FAE04EC0-301F-11D3-BF4B-00C04F79EFBC}") = "Syntra.Cli.Runtime", "Syntra.Cli.Runtime\Syntra.Cli.Runtime.csproj", "{35BEA9BD-683A-400F-4E78-BD453F782CF7}"
EndProject
Project("{FAE04EC0-301F-11D3-BF4B-00C04F79EFBC}") = "Reflection.Tools", "Reflection.Tools\Reflection.Tools.csproj", "{C3C4C949-60D0-4FD9-B435-09C45C2E97E3}"
EndProject
Global
	GlobalSection(SolutionConfigurationPlatforms) = preSolution
		Debug|Any CPU = Debug|Any CPU
		Release|Any CPU = Release|Any CPU
	EndGlobalSection
	GlobalSection(ProjectConfigurationPlatforms) = postSolution
		{C3ED0556-480C-4062-90B5-09077E210636}.Debug|Any CPU.ActiveCfg = Debug|Any CPU
		{C3ED0556-480C-4062-90B5-09077E210636}.Debug|Any CPU.Build.0 = Debug|Any CPU
		{C3ED0556-480C-4062-90B5-09077E210636}.Release|Any CPU.ActiveCfg = Release|Any CPU
		{C3ED0556-480C-4062-90B5-09077E210636}.Release|Any CPU.Build.0 = Release|Any CPU
		{8C7C44C6-89F4-4F86-8FB3-37BD35E76377}.Debug|Any CPU.ActiveCfg = Debug|Any CPU
		{8C7C44C6-89F4-4F86-8FB3-37BD35E76377}.Debug|Any CPU.Build.0 = Debug|Any CPU
		{8C7C44C6-89F4-4F86-8FB3-37BD35E76377}.Release|Any CPU.ActiveCfg = Release|Any CPU
		{8C7C44C6-89F4-4F86-8FB3-37BD35E76377}.Release|Any CPU.Build.0 = Release|Any CPU
		{CD18718A-5EFB-4E4D-9E97-3244C31D4E5D}.Debug|Any CPU.ActiveCfg = Debug|Any CPU
		{CD18718A-5EFB-4E4D-9E97-3244C31D4E5D}.Debug|Any CPU.Build.0 = Debug|Any CPU
		{CD18718A-5EFB-4E4D-9E97-3244C31D4E5D}.Release|Any CPU.ActiveCfg = Release|Any CPU
		{CD18718A-5EFB-4E4D-9E97-3244C31D4E5D}.Release|Any CPU.Build.0 = Release|Any CPU
		{9F1C9CA3-4162-4334-A9E3-A15C2EA74A69}.Debug|Any CPU.ActiveCfg = Debug|Any CPU
		{9F1C9CA3-4162-4334-A9E3-A15C2EA74A69}.Debug|Any CPU.Build.0 = Debug|Any CPU
		{9F1C9CA3-4162-4334-A9E3-A15C2EA74A69}.Release|Any CPU.ActiveCfg = Release|Any CPU
		{9F1C9CA3-4162-4334-A9E3-A15C2EA74A69}.Release|Any CPU.Build.0 = Release|Any CPU
		{FEAA6667-62F5-4A95-85CD-CA5230E0EB82}.Debug|Any CPU.ActiveCfg = Debug|Any CPU
		{FEAA6667-62F5-4A95-85CD-CA5230E0EB82}.Debug|Any CPU.Build.0 = Debug|Any CPU
		{FEAA6667-62F5-4A95-85CD-CA5230E0EB82}.Release|Any CPU.ActiveCfg = Release|Any CPU
		{FEAA6667-62F5-4A95-85CD-CA5230E0EB82}.Release|Any CPU.Build.0 = Release|Any CPU
		{37D640A8-651B-495E-A811-044A765E405F}.Debug|Any CPU.ActiveCfg = Debug|Any CPU
		{37D640A8-651B-495E-A811-044A765E405F}.Debug|Any CPU.Build.0 = Debug|Any CPU
		{37D640A8-651B-495E-A811-044A765E405F}.Release|Any CPU.ActiveCfg = Release|Any CPU
		{37D640A8-651B-495E-A811-044A765E405F}.Release|Any CPU.Build.0 = Release|Any CPU
		{5E696258-2D36-42FE-94C5-507CB505DDED}.Debug|Any CPU.ActiveCfg = Debug|Any CPU
		{5E696258-2D36-42FE-94C5-507CB505DDED}.Debug|Any CPU.Build.0 = Debug|Any CPU
		{5E696258-2D36-42FE-94C5-507CB505DDED}.Release|Any CPU.ActiveCfg = Release|Any CPU
		{5E696258-2D36-42FE-94C5-507CB505DDED}.Release|Any CPU.Build.0 = Release|Any CPU
		{38AC098D-1944-4B84-9556-5ACF25E0DC44}.Debug|Any CPU.ActiveCfg = Debug|Any CPU
		{38AC098D-1944-4B84-9556-5ACF25E0DC44}.Debug|Any CPU.Build.0 = Debug|Any CPU
		{38AC098D-1944-4B84-9556-5ACF25E0DC44}.Release|Any CPU.ActiveCfg = Release|Any CPU
		{38AC098D-1944-4B84-9556-5ACF25E0DC44}.Release|Any CPU.Build.0 = Release|Any CPU
		{C5142373-D4E6-4496-A022-5B4CFC89FB6A}.Debug|Any CPU.ActiveCfg = Debug|Any CPU
		{C5142373-D4E6-4496-A022-5B4CFC89FB6A}.Debug|Any CPU.Build.0 = Debug|Any CPU
		{C5142373-D4E6-4496-A022-5B4CFC89FB6A}.Release|Any CPU.ActiveCfg = Release|Any CPU
		{C5142373-D4E6-4496-A022-5B4CFC89FB6A}.Release|Any CPU.Build.0 = Release|Any CPU
		{1EEBED59-E1A6-4475-AF80-646F6E46F99E}.Debug|Any CPU.ActiveCfg = Debug|Any CPU
		{1EEBED59-E1A6-4475-AF80-646F6E46F99E}.Debug|Any CPU.Build.0 = Debug|Any CPU
		{1EEBED59-E1A6-4475-AF80-646F6E46F99E}.Release|Any CPU.ActiveCfg = Release|Any CPU
		{1EEBED59-E1A6-4475-AF80-646F6E46F99E}.Release|Any CPU.Build.0 = Release|Any CPU
		{B96E538C-A2F7-41F4-869D-3C7E0D75FA86}.Debug|Any CPU.ActiveCfg = Debug|Any CPU
		{B96E538C-A2F7-41F4-869D-3C7E0D75FA86}.Debug|Any CPU.Build.0 = Debug|Any CPU
		{B96E538C-A2F7-41F4-869D-3C7E0D75FA86}.Release|Any CPU.ActiveCfg = Release|Any CPU
		{B96E538C-A2F7-41F4-869D-3C7E0D75FA86}.Release|Any CPU.Build.0 = Release|Any CPU
		{A9DD38E9-672E-4817-8D02-B7E8DA4DC34F}.Debug|Any CPU.ActiveCfg = Debug|Any CPU
		{A9DD38E9-672E-4817-8D02-B7E8DA4DC34F}.Debug|Any CPU.Build.0 = Debug|Any CPU
		{A9DD38E9-672E-4817-8D02-B7E8DA4DC34F}.Release|Any CPU.ActiveCfg = Release|Any CPU
		{A9DD38E9-672E-4817-8D02-B7E8DA4DC34F}.Release|Any CPU.Build.0 = Release|Any CPU
		{B85514B9-4414-449B-9699-B2FE50F281E1}.Debug|Any CPU.ActiveCfg = Debug|Any CPU
		{B85514B9-4414-449B-9699-B2FE50F281E1}.Debug|Any CPU.Build.0 = Debug|Any CPU
		{B85514B9-4414-449B-9699-B2FE50F281E1}.Release|Any CPU.ActiveCfg = Release|Any CPU
		{B85514B9-4414-449B-9699-B2FE50F281E1}.Release|Any CPU.Build.0 = Release|Any CPU
		{ABA86AE3-4F0D-465A-BDF3-1D1C72FBE898}.Debug|Any CPU.ActiveCfg = Debug|Any CPU
		{ABA86AE3-4F0D-465A-BDF3-1D1C72FBE898}.Debug|Any CPU.Build.0 = Debug|Any CPU
		{ABA86AE3-4F0D-465A-BDF3-1D1C72FBE898}.Release|Any CPU.ActiveCfg = Release|Any CPU
		{ABA86AE3-4F0D-465A-BDF3-1D1C72FBE898}.Release|Any CPU.Build.0 = Release|Any CPU
		{733D59B3-D779-4C45-AB95-4F65C3265DEB}.Debug|Any CPU.ActiveCfg = Debug|Any CPU
		{733D59B3-D779-4C45-AB95-4F65C3265DEB}.Debug|Any CPU.Build.0 = Debug|Any CPU
		{733D59B3-D779-4C45-AB95-4F65C3265DEB}.Release|Any CPU.ActiveCfg = Release|Any CPU
		{733D59B3-D779-4C45-AB95-4F65C3265DEB}.Release|Any CPU.Build.0 = Release|Any CPU
		{A652EF84-91B9-4E51-A3D0-90EEF383A08B}.Debug|Any CPU.ActiveCfg = Debug|Any CPU
		{A652EF84-91B9-4E51-A3D0-90EEF383A08B}.Debug|Any CPU.Build.0 = Debug|Any CPU
		{A652EF84-91B9-4E51-A3D0-90EEF383A08B}.Release|Any CPU.ActiveCfg = Release|Any CPU
		{A652EF84-91B9-4E51-A3D0-90EEF383A08B}.Release|Any CPU.Build.0 = Release|Any CPU
		{A4AA12D7-D2BE-4F37-9364-ABD128F797E3}.Debug|Any CPU.ActiveCfg = Debug|Any CPU
		{A4AA12D7-D2BE-4F37-9364-ABD128F797E3}.Debug|Any CPU.Build.0 = Debug|Any CPU
		{A4AA12D7-D2BE-4F37-9364-ABD128F797E3}.Release|Any CPU.ActiveCfg = Release|Any CPU
		{A4AA12D7-D2BE-4F37-9364-ABD128F797E3}.Release|Any CPU.Build.0 = Release|Any CPU
		{093228B0-8347-40F2-8283-03313C0DB5E9}.Debug|Any CPU.ActiveCfg = Debug|Any CPU
		{093228B0-8347-40F2-8283-03313C0DB5E9}.Debug|Any CPU.Build.0 = Debug|Any CPU
		{093228B0-8347-40F2-8283-03313C0DB5E9}.Release|Any CPU.ActiveCfg = Release|Any CPU
		{093228B0-8347-40F2-8283-03313C0DB5E9}.Release|Any CPU.Build.0 = Release|Any CPU
		{3AF86048-EB16-4568-A5FA-2CB16D695961}.Debug|Any CPU.ActiveCfg = Debug|Any CPU
		{3AF86048-EB16-4568-A5FA-2CB16D695961}.Debug|Any CPU.Build.0 = Debug|Any CPU
		{3AF86048-EB16-4568-A5FA-2CB16D695961}.Release|Any CPU.ActiveCfg = Release|Any CPU
		{3AF86048-EB16-4568-A5FA-2CB16D695961}.Release|Any CPU.Build.0 = Release|Any CPU
		{B596E75F-03DE-4C59-873C-61A55AE88EB2}.Debug|Any CPU.ActiveCfg = Debug|Any CPU
		{B596E75F-03DE-4C59-873C-61A55AE88EB2}.Debug|Any CPU.Build.0 = Debug|Any CPU
		{B596E75F-03DE-4C59-873C-61A55AE88EB2}.Release|Any CPU.ActiveCfg = Release|Any CPU
		{B596E75F-03DE-4C59-873C-61A55AE88EB2}.Release|Any CPU.Build.0 = Release|Any CPU
		{AA2B2DDC-A172-4240-A081-C291B31363DF}.Debug|Any CPU.ActiveCfg = Debug|Any CPU
		{AA2B2DDC-A172-4240-A081-C291B31363DF}.Debug|Any CPU.Build.0 = Debug|Any CPU
		{AA2B2DDC-A172-4240-A081-C291B31363DF}.Release|Any CPU.ActiveCfg = Release|Any CPU
		{AA2B2DDC-A172-4240-A081-C291B31363DF}.Release|Any CPU.Build.0 = Release|Any CPU
		{6F2CFF15-E4E0-48A3-A816-02D70E8BD673}.Debug|Any CPU.ActiveCfg = Debug|Any CPU
		{6F2CFF15-E4E0-48A3-A816-02D70E8BD673}.Debug|Any CPU.Build.0 = Debug|Any CPU
		{6F2CFF15-E4E0-48A3-A816-02D70E8BD673}.Release|Any CPU.ActiveCfg = Release|Any CPU
		{6F2CFF15-E4E0-48A3-A816-02D70E8BD673}.Release|Any CPU.Build.0 = Release|Any CPU
		{0BA6ADB2-BCB2-4949-9F5C-698F8186394D}.Debug|Any CPU.ActiveCfg = Debug|Any CPU
		{0BA6ADB2-BCB2-4949-9F5C-698F8186394D}.Debug|Any CPU.Build.0 = Debug|Any CPU
		{0BA6ADB2-BCB2-4949-9F5C-698F8186394D}.Release|Any CPU.ActiveCfg = Release|Any CPU
		{0BA6ADB2-BCB2-4949-9F5C-698F8186394D}.Release|Any CPU.Build.0 = Release|Any CPU
		{5FE0A576-EE0A-4776-B837-6472B0C63B09}.Debug|Any CPU.ActiveCfg = Debug|Any CPU
		{5FE0A576-EE0A-4776-B837-6472B0C63B09}.Debug|Any CPU.Build.0 = Debug|Any CPU
		{5FE0A576-EE0A-4776-B837-6472B0C63B09}.Release|Any CPU.ActiveCfg = Release|Any CPU
		{5FE0A576-EE0A-4776-B837-6472B0C63B09}.Release|Any CPU.Build.0 = Release|Any CPU
		{E4DFF51B-57EA-455E-B12C-1FD735D54747}.Debug|Any CPU.ActiveCfg = Debug|Any CPU
		{E4DFF51B-57EA-455E-B12C-1FD735D54747}.Debug|Any CPU.Build.0 = Debug|Any CPU
		{E4DFF51B-57EA-455E-B12C-1FD735D54747}.Release|Any CPU.ActiveCfg = Release|Any CPU
		{E4DFF51B-57EA-455E-B12C-1FD735D54747}.Release|Any CPU.Build.0 = Release|Any CPU
		{5FE1ADD6-C1A5-4581-922D-8470DD5DCFD9}.Debug|Any CPU.ActiveCfg = Debug|Any CPU
		{5FE1ADD6-C1A5-4581-922D-8470DD5DCFD9}.Debug|Any CPU.Build.0 = Debug|Any CPU
		{5FE1ADD6-C1A5-4581-922D-8470DD5DCFD9}.Release|Any CPU.ActiveCfg = Release|Any CPU
		{5FE1ADD6-C1A5-4581-922D-8470DD5DCFD9}.Release|Any CPU.Build.0 = Release|Any CPU
		{08EADEBB-8ACF-4C5A-BE6F-8C6583AB23EC}.Debug|Any CPU.ActiveCfg = Debug|Any CPU
		{08EADEBB-8ACF-4C5A-BE6F-8C6583AB23EC}.Debug|Any CPU.Build.0 = Debug|Any CPU
		{08EADEBB-8ACF-4C5A-BE6F-8C6583AB23EC}.Release|Any CPU.ActiveCfg = Release|Any CPU
		{08EADEBB-8ACF-4C5A-BE6F-8C6583AB23EC}.Release|Any CPU.Build.0 = Release|Any CPU
		{95DCF78A-D4BC-4D37-9627-E7138D045B60}.Debug|Any CPU.ActiveCfg = Debug|Any CPU
		{95DCF78A-D4BC-4D37-9627-E7138D045B60}.Debug|Any CPU.Build.0 = Debug|Any CPU
		{95DCF78A-D4BC-4D37-9627-E7138D045B60}.Release|Any CPU.ActiveCfg = Release|Any CPU
		{95DCF78A-D4BC-4D37-9627-E7138D045B60}.Release|Any CPU.Build.0 = Release|Any CPU
		{053158F1-12DD-470C-A6A1-2BC5B547BA7A}.Debug|Any CPU.ActiveCfg = Debug|Any CPU
		{053158F1-12DD-470C-A6A1-2BC5B547BA7A}.Debug|Any CPU.Build.0 = Debug|Any CPU
		{053158F1-12DD-470C-A6A1-2BC5B547BA7A}.Release|Any CPU.ActiveCfg = Release|Any CPU
		{053158F1-12DD-470C-A6A1-2BC5B547BA7A}.Release|Any CPU.Build.0 = Release|Any CPU
		{3F2E8BFF-0374-4119-8B18-D3431C729B02}.Debug|Any CPU.ActiveCfg = Debug|Any CPU
		{3F2E8BFF-0374-4119-8B18-D3431C729B02}.Debug|Any CPU.Build.0 = Debug|Any CPU
		{3F2E8BFF-0374-4119-8B18-D3431C729B02}.Release|Any CPU.ActiveCfg = Release|Any CPU
		{3F2E8BFF-0374-4119-8B18-D3431C729B02}.Release|Any CPU.Build.0 = Release|Any CPU
		{93D5FDF1-7A19-44A9-B4EB-43A216F7F833}.Debug|Any CPU.ActiveCfg = Debug|Any CPU
		{93D5FDF1-7A19-44A9-B4EB-43A216F7F833}.Debug|Any CPU.Build.0 = Debug|Any CPU
		{93D5FDF1-7A19-44A9-B4EB-43A216F7F833}.Release|Any CPU.ActiveCfg = Release|Any CPU
		{93D5FDF1-7A19-44A9-B4EB-43A216F7F833}.Release|Any CPU.Build.0 = Release|Any CPU
		{95831262-1C00-40C1-A55F-59573C77AA87}.Debug|Any CPU.ActiveCfg = Debug|Any CPU
		{95831262-1C00-40C1-A55F-59573C77AA87}.Debug|Any CPU.Build.0 = Debug|Any CPU
		{95831262-1C00-40C1-A55F-59573C77AA87}.Release|Any CPU.ActiveCfg = Release|Any CPU
		{95831262-1C00-40C1-A55F-59573C77AA87}.Release|Any CPU.Build.0 = Release|Any CPU
		{769C5B9B-E961-45F6-A849-3B191631366E}.Debug|Any CPU.ActiveCfg = Debug|Any CPU
		{769C5B9B-E961-45F6-A849-3B191631366E}.Debug|Any CPU.Build.0 = Debug|Any CPU
		{769C5B9B-E961-45F6-A849-3B191631366E}.Release|Any CPU.ActiveCfg = Release|Any CPU
		{769C5B9B-E961-45F6-A849-3B191631366E}.Release|Any CPU.Build.0 = Release|Any CPU
		{9244CDFD-CD8D-406B-A197-0D8F29F532DF}.Debug|Any CPU.ActiveCfg = Debug|Any CPU
		{9244CDFD-CD8D-406B-A197-0D8F29F532DF}.Debug|Any CPU.Build.0 = Debug|Any CPU
		{9244CDFD-CD8D-406B-A197-0D8F29F532DF}.Release|Any CPU.ActiveCfg = Release|Any CPU
		{9244CDFD-CD8D-406B-A197-0D8F29F532DF}.Release|Any CPU.Build.0 = Release|Any CPU
		{834261C5-C770-B7A3-F943-3C1977AF0537}.Debug|Any CPU.ActiveCfg = Debug|Any CPU
		{834261C5-C770-B7A3-F943-3C1977AF0537}.Debug|Any CPU.Build.0 = Debug|Any CPU
		{834261C5-C770-B7A3-F943-3C1977AF0537}.Release|Any CPU.ActiveCfg = Release|Any CPU
		{834261C5-C770-B7A3-F943-3C1977AF0537}.Release|Any CPU.Build.0 = Release|Any CPU
		{35BEA9BD-683A-400F-4E78-BD453F782CF7}.Debug|Any CPU.ActiveCfg = Debug|Any CPU
		{35BEA9BD-683A-400F-4E78-BD453F782CF7}.Debug|Any CPU.Build.0 = Debug|Any CPU
		{35BEA9BD-683A-400F-4E78-BD453F782CF7}.Release|Any CPU.ActiveCfg = Release|Any CPU
		{35BEA9BD-683A-400F-4E78-BD453F782CF7}.Release|Any CPU.Build.0 = Release|Any CPU
		{C3C4C949-60D0-4FD9-B435-09C45C2E97E3}.Debug|Any CPU.ActiveCfg = Debug|Any CPU
		{C3C4C949-60D0-4FD9-B435-09C45C2E97E3}.Debug|Any CPU.Build.0 = Debug|Any CPU
		{C3C4C949-60D0-4FD9-B435-09C45C2E97E3}.Release|Any CPU.ActiveCfg = Release|Any CPU
		{C3C4C949-60D0-4FD9-B435-09C45C2E97E3}.Release|Any CPU.Build.0 = Release|Any CPU
	EndGlobalSection
	GlobalSection(SolutionProperties) = preSolution
		HideSolutionNode = FALSE
	EndGlobalSection
	GlobalSection(NestedProjects) = preSolution
		{8C7C44C6-89F4-4F86-8FB3-37BD35E76377} = {57C0DA4B-40AE-40D7-8CA9-062E02CE66A0}
		{CD18718A-5EFB-4E4D-9E97-3244C31D4E5D} = {57C0DA4B-40AE-40D7-8CA9-062E02CE66A0}
		{9F1C9CA3-4162-4334-A9E3-A15C2EA74A69} = {57C0DA4B-40AE-40D7-8CA9-062E02CE66A0}
		{D8518CCA-65A8-44B2-9978-36B4360FB36B} = {13DBC8FA-7ED2-4676-A171-81B2B72DA61F}
		{E9BC9BC0-CF65-441E-8B94-7498FC570E42} = {13DBC8FA-7ED2-4676-A171-81B2B72DA61F}
		{4AAD7465-A215-4256-8B94-9547EC1B22A5} = {57C0DA4B-40AE-40D7-8CA9-062E02CE66A0}
		{FEAA6667-62F5-4A95-85CD-CA5230E0EB82} = {4AAD7465-A215-4256-8B94-9547EC1B22A5}
		{37D640A8-651B-495E-A811-044A765E405F} = {4AAD7465-A215-4256-8B94-9547EC1B22A5}
		{5E696258-2D36-42FE-94C5-507CB505DDED} = {E3DBA12B-5E88-4D9E-A423-D1B61EAD96EB}
		{38AC098D-1944-4B84-9556-5ACF25E0DC44} = {4AAD7465-A215-4256-8B94-9547EC1B22A5}
		{C5142373-D4E6-4496-A022-5B4CFC89FB6A} = {5BAD4FBD-3FD1-4036-A5F1-53D2C12BF931}
		{1EEBED59-E1A6-4475-AF80-646F6E46F99E} = {CA8E10EA-3509-4FAE-948F-1EE8118324C2}
		{B96E538C-A2F7-41F4-869D-3C7E0D75FA86} = {CA8E10EA-3509-4FAE-948F-1EE8118324C2}
		{A9DD38E9-672E-4817-8D02-B7E8DA4DC34F} = {CA8E10EA-3509-4FAE-948F-1EE8118324C2}
		{B85514B9-4414-449B-9699-B2FE50F281E1} = {CA8E10EA-3509-4FAE-948F-1EE8118324C2}
		{CA8E10EA-3509-4FAE-948F-1EE8118324C2} = {AC5AF807-D73A-4062-A948-636125F4F466}
		{E5882F2D-A3DC-46BF-BCD1-9EBDB6FFD2E7} = {AC5AF807-D73A-4062-A948-636125F4F466}
		{ABA86AE3-4F0D-465A-BDF3-1D1C72FBE898} = {E5882F2D-A3DC-46BF-BCD1-9EBDB6FFD2E7}
		{733D59B3-D779-4C45-AB95-4F65C3265DEB} = {E5882F2D-A3DC-46BF-BCD1-9EBDB6FFD2E7}
		{56637642-C96F-4AE5-A08A-26AA6D9FF098} = {AC5AF807-D73A-4062-A948-636125F4F466}
		{A652EF84-91B9-4E51-A3D0-90EEF383A08B} = {56637642-C96F-4AE5-A08A-26AA6D9FF098}
		{A4AA12D7-D2BE-4F37-9364-ABD128F797E3} = {56637642-C96F-4AE5-A08A-26AA6D9FF098}
		{093228B0-8347-40F2-8283-03313C0DB5E9} = {56637642-C96F-4AE5-A08A-26AA6D9FF098}
		{EE529CA6-E9C8-42EC-8CB3-A299E7532A06} = {13DBC8FA-7ED2-4676-A171-81B2B72DA61F}
		{3AF86048-EB16-4568-A5FA-2CB16D695961} = {56637642-C96F-4AE5-A08A-26AA6D9FF098}
		{B596E75F-03DE-4C59-873C-61A55AE88EB2} = {56637642-C96F-4AE5-A08A-26AA6D9FF098}
		{AA2B2DDC-A172-4240-A081-C291B31363DF} = {56637642-C96F-4AE5-A08A-26AA6D9FF098}
		{6F2CFF15-E4E0-48A3-A816-02D70E8BD673} = {6CC2D403-6ED3-4896-83F6-37FCB0425343}
		{0BA6ADB2-BCB2-4949-9F5C-698F8186394D} = {A830C2C4-2D99-4510-944A-2372E8C149A9}
		{5FE0A576-EE0A-4776-B837-6472B0C63B09} = {A830C2C4-2D99-4510-944A-2372E8C149A9}
		{E4DFF51B-57EA-455E-B12C-1FD735D54747} = {A830C2C4-2D99-4510-944A-2372E8C149A9}
		{5FE1ADD6-C1A5-4581-922D-8470DD5DCFD9} = {A830C2C4-2D99-4510-944A-2372E8C149A9}
		{08EADEBB-8ACF-4C5A-BE6F-8C6583AB23EC} = {A830C2C4-2D99-4510-944A-2372E8C149A9}
		{6792BFFE-3B3B-4F05-B886-50C741DB6E83} = {8462AF75-ABE2-4D9C-BE65-09C2A793954B}
		{95DCF78A-D4BC-4D37-9627-E7138D045B60} = {6792BFFE-3B3B-4F05-B886-50C741DB6E83}
		{053158F1-12DD-470C-A6A1-2BC5B547BA7A} = {6792BFFE-3B3B-4F05-B886-50C741DB6E83}
		{02EA681E-C7D8-13C7-8484-4AC65E1B71E8} = {8462AF75-ABE2-4D9C-BE65-09C2A793954B}
		{3F2E8BFF-0374-4119-8B18-D3431C729B02} = {02EA681E-C7D8-13C7-8484-4AC65E1B71E8}
		{93D5FDF1-7A19-44A9-B4EB-43A216F7F833} = {02EA681E-C7D8-13C7-8484-4AC65E1B71E8}
		{F2C96C33-736E-4F6F-9FA7-17828A1E9709} = {8462AF75-ABE2-4D9C-BE65-09C2A793954B}
		{95831262-1C00-40C1-A55F-59573C77AA87} = {F2C96C33-736E-4F6F-9FA7-17828A1E9709}
		{769C5B9B-E961-45F6-A849-3B191631366E} = {F2C96C33-736E-4F6F-9FA7-17828A1E9709}
		{9244CDFD-CD8D-406B-A197-0D8F29F532DF} = {A798A15B-14BD-4886-8861-ABA3A5DE1499}
		{834261C5-C770-B7A3-F943-3C1977AF0537} = {A798A15B-14BD-4886-8861-ABA3A5DE1499}
		{35BEA9BD-683A-400F-4E78-BD453F782CF7} = {A798A15B-14BD-4886-8861-ABA3A5DE1499}
		{C3C4C949-60D0-4FD9-B435-09C45C2E97E3} = {A798A15B-14BD-4886-8861-ABA3A5DE1499}
	EndGlobalSection
	GlobalSection(ExtensibilityGlobals) = postSolution
		SolutionGuid = {EFE7DEB7-FC40-4643-B02A-E9BE4F2B6590}
	EndGlobalSection
EndGlobal
