
Microsoft Visual Studio Solution File, Format Version 12.00
# Visual Studio Version 17
VisualStudioVersion = 17.10.35027.167
MinimumVisualStudioVersion = 10.0.40219.1
Project("{9A19103F-16F7-4668-BE54-9A1E7A4F7556}") = "SyntraAB.2024.cli", "SyntraAB.2024.cli\SyntraAB.2024.cli.csproj", "{C3ED0556-480C-4062-90B5-09077E210636}"
EndProject
Project("{2150E333-8FDC-42A3-9474-1A3956D46DE8}") = "LINQ", "LINQ", "{57C0DA4B-40AE-40D7-8CA9-062E02CE66A0}"
EndProject
Project("{2150E333-8FDC-42A3-9474-1A3956D46DE8}") = "!Documents", "!Documents", "{13DBC8FA-7ED2-4676-A171-81B2B72DA61F}"
	ProjectSection(SolutionItems) = preProject
		!Documents\CSharp-LINQ.pptx = !Documents\CSharp-LINQ.pptx
	EndProjectSection
EndProject
Project("{FAE04EC0-301F-11D3-BF4B-00C04F79EFBC}") = "DLinkedList", "DLinkedList\DLinkedList.csproj", "{8C7C44C6-89F4-4F86-8FB3-37BD35E76377}"
EndProject
Global
	GlobalSection(SolutionConfigurationPlatforms) = preSolution
		Debug|Any CPU = Debug|Any CPU
		Release|Any CPU = Release|Any CPU
	EndGlobalSection
	GlobalSection(ProjectConfigurationPlatforms) = postSolution
		{C3ED0556-480C-4062-90B5-09077E210636}.Debug|Any CPU.ActiveCfg = Debug|Any CPU
		{C3ED0556-480C-4062-90B5-09077E210636}.Debug|Any CPU.Build.0 = Debug|Any CPU
		{C3ED0556-480C-4062-90B5-09077E210636}.Release|Any CPU.ActiveCfg = Release|Any CPU
		{C3ED0556-480C-4062-90B5-09077E210636}.Release|Any CPU.Build.0 = Release|Any CPU
		{8C7C44C6-89F4-4F86-8FB3-37BD35E76377}.Debug|Any CPU.ActiveCfg = Debug|Any CPU
		{8C7C44C6-89F4-4F86-8FB3-37BD35E76377}.Debug|Any CPU.Build.0 = Debug|Any CPU
		{8C7C44C6-89F4-4F86-8FB3-37BD35E76377}.Release|Any CPU.ActiveCfg = Release|Any CPU
		{8C7C44C6-89F4-4F86-8FB3-37BD35E76377}.Release|Any CPU.Build.0 = Release|Any CPU
	EndGlobalSection
	GlobalSection(SolutionProperties) = preSolution
		HideSolutionNode = FALSE
	EndGlobalSection
	GlobalSection(NestedProjects) = preSolution
		{8C7C44C6-89F4-4F86-8FB3-37BD35E76377} = {57C0DA4B-40AE-40D7-8CA9-062E02CE66A0}
	EndGlobalSection
	GlobalSection(ExtensibilityGlobals) = postSolution
		SolutionGuid = {EFE7DEB7-FC40-4643-B02A-E9BE4F2B6590}
	EndGlobalSection
EndGlobal
